
Microsoft Visual Studio Solution File, Format Version 12.00
# Visual Studio Version 16
VisualStudioVersion = 16.0.28922.388
MinimumVisualStudioVersion = 10.0.40219.1
Project("{FAE04EC0-301F-11D3-BF4B-00C04F79EFBC}") = "NoDir", "NoDir.csproj", "{34E940E8-8C66-43D6-9BB2-D6ED6884F96E}"
EndProject
Global
	GlobalSection(SolutionConfigurationPlatforms) = preSolution
		Debug|Any CPU = Debug|Any CPU
		Release|Any CPU = Release|Any CPU
	EndGlobalSection
	GlobalSection(ProjectConfigurationPlatforms) = postSolution
		{34E940E8-8C66-43D6-9BB2-D6ED6884F96E}.Debug|Any CPU.ActiveCfg = Debug|Any CPU
		{34E940E8-8C66-43D6-9BB2-D6ED6884F96E}.Debug|Any CPU.Build.0 = Debug|Any CPU
		{34E940E8-8C66-43D6-9BB2-D6ED6884F96E}.Release|Any CPU.ActiveCfg = Release|Any CPU
		{34E940E8-8C66-43D6-9BB2-D6ED6884F96E}.Release|Any CPU.Build.0 = Release|Any CPU
	EndGlobalSection
	GlobalSection(SolutionProperties) = preSolution
		HideSolutionNode = FALSE
	EndGlobalSection
	GlobalSection(ExtensibilityGlobals) = postSolution
		SolutionGuid = {C0CBA5E9-5D5F-458A-9089-9742C2610E87}
	EndGlobalSection
EndGlobal
